
Microsoft Visual Studio Solution File, Format Version 12.00
# Visual Studio Version 16
VisualStudioVersion = 16.0.28922.388
MinimumVisualStudioVersion = 10.0.40219.1
Project("{FAE04EC0-301F-11D3-BF4B-00C04F79EFBC}") = "FunctionThumbnail", "FunctionThumbnail.csproj", "{49C8CD63-0B2E-470A-9071-3DFDD3E6F3FC}"
EndProject
Global
	GlobalSection(SolutionConfigurationPlatforms) = preSolution
		Debug|Any CPU = Debug|Any CPU
		Release|Any CPU = Release|Any CPU
	EndGlobalSection
	GlobalSection(ProjectConfigurationPlatforms) = postSolution
		{49C8CD63-0B2E-470A-9071-3DFDD3E6F3FC}.Debug|Any CPU.ActiveCfg = Debug|Any CPU
		{49C8CD63-0B2E-470A-9071-3DFDD3E6F3FC}.Debug|Any CPU.Build.0 = Debug|Any CPU
		{49C8CD63-0B2E-470A-9071-3DFDD3E6F3FC}.Release|Any CPU.ActiveCfg = Release|Any CPU
		{49C8CD63-0B2E-470A-9071-3DFDD3E6F3FC}.Release|Any CPU.Build.0 = Release|Any CPU
	EndGlobalSection
	GlobalSection(SolutionProperties) = preSolution
		HideSolutionNode = FALSE
	EndGlobalSection
	GlobalSection(ExtensibilityGlobals) = postSolution
		SolutionGuid = {A7183BE3-087B-4031-B7D4-892DA4A1DDDB}
	EndGlobalSection
EndGlobal
